
Microsoft Visual Studio Solution File, Format Version 12.00
# Visual Studio Version 17
VisualStudioVersion = 17.4.33103.184
MinimumVisualStudioVersion = 10.0.40219.1
Project("{9A19103F-16F7-4668-BE54-9A1E7A4F7556}") = "1. Reverse a String", "1. Reverse a String\1. Reverse a String.csproj", "{74EEC5A7-C268-4F4A-AEA2-0666E38A0986}"
EndProject
Project("{FAE04EC0-301F-11D3-BF4B-00C04F79EFBC}") = "2. Stack Sum", "2. Stack Sum\2. Stack Sum.csproj", "{3938F39B-9382-4768-A58E-ABE2CED9ED7B}"
EndProject
Project("{FAE04EC0-301F-11D3-BF4B-00C04F79EFBC}") = "3. Simple Calculator", "3. Simple Calculator\3. Simple Calculator.csproj", "{0AB6FF9B-74DD-4967-B923-B0C17B2CB157}"
EndProject
Project("{FAE04EC0-301F-11D3-BF4B-00C04F79EFBC}") = "4. Matching Brackets", "4. Matching Brackets\4. Matching Brackets.csproj", "{61B3C907-17F8-4437-AEDE-5E1D88537228}"
EndProject
Project("{FAE04EC0-301F-11D3-BF4B-00C04F79EFBC}") = "5. Print Even Numbers", "5. Print Even Numbers\5. Print Even Numbers.csproj", "{2CE111BC-E49F-4873-9C29-045CBC77609C}"
EndProject
Global
	GlobalSection(SolutionConfigurationPlatforms) = preSolution
		Debug|Any CPU = Debug|Any CPU
		Release|Any CPU = Release|Any CPU
	EndGlobalSection
	GlobalSection(ProjectConfigurationPlatforms) = postSolution
		{74EEC5A7-C268-4F4A-AEA2-0666E38A0986}.Debug|Any CPU.ActiveCfg = Debug|Any CPU
		{74EEC5A7-C268-4F4A-AEA2-0666E38A0986}.Debug|Any CPU.Build.0 = Debug|Any CPU
		{74EEC5A7-C268-4F4A-AEA2-0666E38A0986}.Release|Any CPU.ActiveCfg = Release|Any CPU
		{74EEC5A7-C268-4F4A-AEA2-0666E38A0986}.Release|Any CPU.Build.0 = Release|Any CPU
		{3938F39B-9382-4768-A58E-ABE2CED9ED7B}.Debug|Any CPU.ActiveCfg = Debug|Any CPU
		{3938F39B-9382-4768-A58E-ABE2CED9ED7B}.Debug|Any CPU.Build.0 = Debug|Any CPU
		{3938F39B-9382-4768-A58E-ABE2CED9ED7B}.Release|Any CPU.ActiveCfg = Release|Any CPU
		{3938F39B-9382-4768-A58E-ABE2CED9ED7B}.Release|Any CPU.Build.0 = Release|Any CPU
		{0AB6FF9B-74DD-4967-B923-B0C17B2CB157}.Debug|Any CPU.ActiveCfg = Debug|Any CPU
		{0AB6FF9B-74DD-4967-B923-B0C17B2CB157}.Debug|Any CPU.Build.0 = Debug|Any CPU
		{0AB6FF9B-74DD-4967-B923-B0C17B2CB157}.Release|Any CPU.ActiveCfg = Release|Any CPU
		{0AB6FF9B-74DD-4967-B923-B0C17B2CB157}.Release|Any CPU.Build.0 = Release|Any CPU
		{61B3C907-17F8-4437-AEDE-5E1D88537228}.Debug|Any CPU.ActiveCfg = Debug|Any CPU
		{61B3C907-17F8-4437-AEDE-5E1D88537228}.Debug|Any CPU.Build.0 = Debug|Any CPU
		{61B3C907-17F8-4437-AEDE-5E1D88537228}.Release|Any CPU.ActiveCfg = Release|Any CPU
		{61B3C907-17F8-4437-AEDE-5E1D88537228}.Release|Any CPU.Build.0 = Release|Any CPU
		{2CE111BC-E49F-4873-9C29-045CBC77609C}.Debug|Any CPU.ActiveCfg = Debug|Any CPU
		{2CE111BC-E49F-4873-9C29-045CBC77609C}.Debug|Any CPU.Build.0 = Debug|Any CPU
		{2CE111BC-E49F-4873-9C29-045CBC77609C}.Release|Any CPU.ActiveCfg = Release|Any CPU
		{2CE111BC-E49F-4873-9C29-045CBC77609C}.Release|Any CPU.Build.0 = Release|Any CPU
	EndGlobalSection
	GlobalSection(SolutionProperties) = preSolution
		HideSolutionNode = FALSE
	EndGlobalSection
	GlobalSection(ExtensibilityGlobals) = postSolution
		SolutionGuid = {85A2CCA1-4C68-429B-8FFF-F5FCC5A6CE09}
	EndGlobalSection
EndGlobal
