
Microsoft Visual Studio Solution File, Format Version 12.00
# Visual Studio Version 17
VisualStudioVersion = 17.4.33103.184
MinimumVisualStudioVersion = 10.0.40219.1
Project("{9A19103F-16F7-4668-BE54-9A1E7A4F7556}") = "01. Basic Stack Operations", "01. Basic Stack Operations\01. Basic Stack Operations.csproj", "{20824ECA-B6DC-4F6E-B78B-0B702E1D7BB9}"
EndProject
Project("{9A19103F-16F7-4668-BE54-9A1E7A4F7556}") = "02. Basic Queue Operations", "02. Basic Queue Operations\02. Basic Queue Operations.csproj", "{935A1932-0A44-4B15-BD25-F31AC9BBCEA8}"
EndProject
Project("{9A19103F-16F7-4668-BE54-9A1E7A4F7556}") = "03. Maximum and Minimum Element", "03. Maximum and Minimum Element\03. Maximum and Minimum Element.csproj", "{AFD18EDB-559F-4A51-B0EE-DC71027F4670}"
EndProject
Project("{9A19103F-16F7-4668-BE54-9A1E7A4F7556}") = "04. Fast Food", "04. Fast Food\04. Fast Food.csproj", "{27E6CF4E-3F74-4ED9-B438-77C78609545A}"
EndProject
Project("{FAE04EC0-301F-11D3-BF4B-00C04F79EFBC}") = "05. Fashion Boutique", "05. Fashion Boutique\05. Fashion Boutique.csproj", "{7E786E54-9381-416F-BDFB-CA15E26B9AF4}"
EndProject
Project("{FAE04EC0-301F-11D3-BF4B-00C04F79EFBC}") = "06. Songs Queue", "06. Songs Queue\06. Songs Queue.csproj", "{B92D50E4-79D6-42CD-878C-B90FF80DF93B}"
EndProject
Global
	GlobalSection(SolutionConfigurationPlatforms) = preSolution
		Debug|Any CPU = Debug|Any CPU
		Release|Any CPU = Release|Any CPU
	EndGlobalSection
	GlobalSection(ProjectConfigurationPlatforms) = postSolution
		{20824ECA-B6DC-4F6E-B78B-0B702E1D7BB9}.Debug|Any CPU.ActiveCfg = Debug|Any CPU
		{20824ECA-B6DC-4F6E-B78B-0B702E1D7BB9}.Debug|Any CPU.Build.0 = Debug|Any CPU
		{20824ECA-B6DC-4F6E-B78B-0B702E1D7BB9}.Release|Any CPU.ActiveCfg = Release|Any CPU
		{20824ECA-B6DC-4F6E-B78B-0B702E1D7BB9}.Release|Any CPU.Build.0 = Release|Any CPU
		{935A1932-0A44-4B15-BD25-F31AC9BBCEA8}.Debug|Any CPU.ActiveCfg = Debug|Any CPU
		{935A1932-0A44-4B15-BD25-F31AC9BBCEA8}.Debug|Any CPU.Build.0 = Debug|Any CPU
		{935A1932-0A44-4B15-BD25-F31AC9BBCEA8}.Release|Any CPU.ActiveCfg = Release|Any CPU
		{935A1932-0A44-4B15-BD25-F31AC9BBCEA8}.Release|Any CPU.Build.0 = Release|Any CPU
		{AFD18EDB-559F-4A51-B0EE-DC71027F4670}.Debug|Any CPU.ActiveCfg = Debug|Any CPU
		{AFD18EDB-559F-4A51-B0EE-DC71027F4670}.Debug|Any CPU.Build.0 = Debug|Any CPU
		{AFD18EDB-559F-4A51-B0EE-DC71027F4670}.Release|Any CPU.ActiveCfg = Release|Any CPU
		{AFD18EDB-559F-4A51-B0EE-DC71027F4670}.Release|Any CPU.Build.0 = Release|Any CPU
		{27E6CF4E-3F74-4ED9-B438-77C78609545A}.Debug|Any CPU.ActiveCfg = Debug|Any CPU
		{27E6CF4E-3F74-4ED9-B438-77C78609545A}.Debug|Any CPU.Build.0 = Debug|Any CPU
		{27E6CF4E-3F74-4ED9-B438-77C78609545A}.Release|Any CPU.ActiveCfg = Release|Any CPU
		{27E6CF4E-3F74-4ED9-B438-77C78609545A}.Release|Any CPU.Build.0 = Release|Any CPU
		{7E786E54-9381-416F-BDFB-CA15E26B9AF4}.Debug|Any CPU.ActiveCfg = Debug|Any CPU
		{7E786E54-9381-416F-BDFB-CA15E26B9AF4}.Debug|Any CPU.Build.0 = Debug|Any CPU
		{7E786E54-9381-416F-BDFB-CA15E26B9AF4}.Release|Any CPU.ActiveCfg = Release|Any CPU
		{7E786E54-9381-416F-BDFB-CA15E26B9AF4}.Release|Any CPU.Build.0 = Release|Any CPU
		{B92D50E4-79D6-42CD-878C-B90FF80DF93B}.Debug|Any CPU.ActiveCfg = Debug|Any CPU
		{B92D50E4-79D6-42CD-878C-B90FF80DF93B}.Debug|Any CPU.Build.0 = Debug|Any CPU
		{B92D50E4-79D6-42CD-878C-B90FF80DF93B}.Release|Any CPU.ActiveCfg = Release|Any CPU
		{B92D50E4-79D6-42CD-878C-B90FF80DF93B}.Release|Any CPU.Build.0 = Release|Any CPU
	EndGlobalSection
	GlobalSection(SolutionProperties) = preSolution
		HideSolutionNode = FALSE
	EndGlobalSection
	GlobalSection(ExtensibilityGlobals) = postSolution
		SolutionGuid = {D4C326C8-4208-414D-A0D3-AD3C69AC0E07}
	EndGlobalSection
EndGlobal
