
Microsoft Visual Studio Solution File, Format Version 12.00
# Visual Studio Version 17
VisualStudioVersion = 17.3.32929.385
MinimumVisualStudioVersion = 10.0.40219.1
Project("{9A19103F-16F7-4668-BE54-9A1E7A4F7556}") = "1. Diagonal Difference", "1. Diagonal Difference\1. Diagonal Difference.csproj", "{508AFC46-2D96-4246-B79F-BA524FF4DD52}"
EndProject
Project("{9A19103F-16F7-4668-BE54-9A1E7A4F7556}") = "2. Squares in Matrix", "2. Squares in Matrix\2. Squares in Matrix.csproj", "{F8DE35FA-B9AB-4BFC-83C4-F9BF08598BC8}"
EndProject
Project("{9A19103F-16F7-4668-BE54-9A1E7A4F7556}") = "3. Maximal Sum", "3. Maximal Sum\3. Maximal Sum.csproj", "{202A2304-DF66-480F-A716-B5DCEB351D7B}"
EndProject
Project("{FAE04EC0-301F-11D3-BF4B-00C04F79EFBC}") = "4. Matrix Shuffling", "4. Matrix Shuffling\4. Matrix Shuffling.csproj", "{C7E7F462-806B-42D9-A36A-98227A83801A}"
EndProject
Project("{FAE04EC0-301F-11D3-BF4B-00C04F79EFBC}") = "5. Snake Moves", "5. Snake Moves\5. Snake Moves.csproj", "{49B8AFA3-F336-4EF3-B862-A5156EE3B399}"
EndProject
Global
	GlobalSection(SolutionConfigurationPlatforms) = preSolution
		Debug|Any CPU = Debug|Any CPU
		Release|Any CPU = Release|Any CPU
	EndGlobalSection
	GlobalSection(ProjectConfigurationPlatforms) = postSolution
		{508AFC46-2D96-4246-B79F-BA524FF4DD52}.Debug|Any CPU.ActiveCfg = Debug|Any CPU
		{508AFC46-2D96-4246-B79F-BA524FF4DD52}.Debug|Any CPU.Build.0 = Debug|Any CPU
		{508AFC46-2D96-4246-B79F-BA524FF4DD52}.Release|Any CPU.ActiveCfg = Release|Any CPU
		{508AFC46-2D96-4246-B79F-BA524FF4DD52}.Release|Any CPU.Build.0 = Release|Any CPU
		{F8DE35FA-B9AB-4BFC-83C4-F9BF08598BC8}.Debug|Any CPU.ActiveCfg = Debug|Any CPU
		{F8DE35FA-B9AB-4BFC-83C4-F9BF08598BC8}.Debug|Any CPU.Build.0 = Debug|Any CPU
		{F8DE35FA-B9AB-4BFC-83C4-F9BF08598BC8}.Release|Any CPU.ActiveCfg = Release|Any CPU
		{F8DE35FA-B9AB-4BFC-83C4-F9BF08598BC8}.Release|Any CPU.Build.0 = Release|Any CPU
		{202A2304-DF66-480F-A716-B5DCEB351D7B}.Debug|Any CPU.ActiveCfg = Debug|Any CPU
		{202A2304-DF66-480F-A716-B5DCEB351D7B}.Debug|Any CPU.Build.0 = Debug|Any CPU
		{202A2304-DF66-480F-A716-B5DCEB351D7B}.Release|Any CPU.ActiveCfg = Release|Any CPU
		{202A2304-DF66-480F-A716-B5DCEB351D7B}.Release|Any CPU.Build.0 = Release|Any CPU
		{C7E7F462-806B-42D9-A36A-98227A83801A}.Debug|Any CPU.ActiveCfg = Debug|Any CPU
		{C7E7F462-806B-42D9-A36A-98227A83801A}.Debug|Any CPU.Build.0 = Debug|Any CPU
		{C7E7F462-806B-42D9-A36A-98227A83801A}.Release|Any CPU.ActiveCfg = Release|Any CPU
		{C7E7F462-806B-42D9-A36A-98227A83801A}.Release|Any CPU.Build.0 = Release|Any CPU
		{49B8AFA3-F336-4EF3-B862-A5156EE3B399}.Debug|Any CPU.ActiveCfg = Debug|Any CPU
		{49B8AFA3-F336-4EF3-B862-A5156EE3B399}.Debug|Any CPU.Build.0 = Debug|Any CPU
		{49B8AFA3-F336-4EF3-B862-A5156EE3B399}.Release|Any CPU.ActiveCfg = Release|Any CPU
		{49B8AFA3-F336-4EF3-B862-A5156EE3B399}.Release|Any CPU.Build.0 = Release|Any CPU
	EndGlobalSection
	GlobalSection(SolutionProperties) = preSolution
		HideSolutionNode = FALSE
	EndGlobalSection
	GlobalSection(ExtensibilityGlobals) = postSolution
		SolutionGuid = {8B3184A3-49EA-40E8-BD90-D9BF05CB660C}
	EndGlobalSection
EndGlobal
