
Microsoft Visual Studio Solution File, Format Version 12.00
# Visual Studio Version 17
VisualStudioVersion = 17.4.33103.184
MinimumVisualStudioVersion = 10.0.40219.1
Project("{FAE04EC0-301F-11D3-BF4B-00C04F79EFBC}") = "01. Odd Lines", "01. Odd Lines\01. Odd Lines.csproj", "{9A30E0A4-B7D7-432E-9A8B-1EE2467A2772}"
EndProject
Global
	GlobalSection(SolutionConfigurationPlatforms) = preSolution
		Debug|Any CPU = Debug|Any CPU
		Release|Any CPU = Release|Any CPU
	EndGlobalSection
	GlobalSection(ProjectConfigurationPlatforms) = postSolution
		{9A30E0A4-B7D7-432E-9A8B-1EE2467A2772}.Debug|Any CPU.ActiveCfg = Debug|Any CPU
		{9A30E0A4-B7D7-432E-9A8B-1EE2467A2772}.Debug|Any CPU.Build.0 = Debug|Any CPU
		{9A30E0A4-B7D7-432E-9A8B-1EE2467A2772}.Release|Any CPU.ActiveCfg = Release|Any CPU
		{9A30E0A4-B7D7-432E-9A8B-1EE2467A2772}.Release|Any CPU.Build.0 = Release|Any CPU
	EndGlobalSection
	GlobalSection(SolutionProperties) = preSolution
		HideSolutionNode = FALSE
	EndGlobalSection
	GlobalSection(ExtensibilityGlobals) = postSolution
		SolutionGuid = {98E3F909-9040-4A61-8564-9310D5996F58}
	EndGlobalSection
EndGlobal
