
Microsoft Visual Studio Solution File, Format Version 12.00
# Visual Studio Version 17
VisualStudioVersion = 17.4.33103.184
MinimumVisualStudioVersion = 10.0.40219.1
Project("{FAE04EC0-301F-11D3-BF4B-00C04F79EFBC}") = "01. Count Same Values in Array", "01. Count Same Values in Array\01. Count Same Values in Array.csproj", "{98378BFD-C77F-489C-B3F6-24BCEAD7705B}"
EndProject
Global
	GlobalSection(SolutionConfigurationPlatforms) = preSolution
		Debug|Any CPU = Debug|Any CPU
		Release|Any CPU = Release|Any CPU
	EndGlobalSection
	GlobalSection(ProjectConfigurationPlatforms) = postSolution
		{98378BFD-C77F-489C-B3F6-24BCEAD7705B}.Debug|Any CPU.ActiveCfg = Debug|Any CPU
		{98378BFD-C77F-489C-B3F6-24BCEAD7705B}.Debug|Any CPU.Build.0 = Debug|Any CPU
		{98378BFD-C77F-489C-B3F6-24BCEAD7705B}.Release|Any CPU.ActiveCfg = Release|Any CPU
		{98378BFD-C77F-489C-B3F6-24BCEAD7705B}.Release|Any CPU.Build.0 = Release|Any CPU
	EndGlobalSection
	GlobalSection(SolutionProperties) = preSolution
		HideSolutionNode = FALSE
	EndGlobalSection
	GlobalSection(ExtensibilityGlobals) = postSolution
		SolutionGuid = {82576932-814C-4BA1-B0A0-046DDD9C482C}
	EndGlobalSection
EndGlobal
